
Microsoft Visual Studio Solution File, Format Version 12.00
# Visual Studio 14
VisualStudioVersion = 14.0.25123.0
MinimumVisualStudioVersion = 10.0.40219.1
Project("{FAE04EC0-301F-11D3-BF4B-00C04F79EFBC}") = "UsersSystem.Data", "UsersSystem.Data\UsersSystem.Data.csproj", "{AE3C8401-DE4D-4CAE-A407-5D8D219AE3EA}"
EndProject
Project("{FAE04EC0-301F-11D3-BF4B-00C04F79EFBC}") = "UsersSystem.Models", "UsersSystem.Models\UsersSystem.Models.csproj", "{65F2DF97-0E7F-41E6-BC1B-B801B4C836C8}"
EndProject
Project("{FAE04EC0-301F-11D3-BF4B-00C04F79EFBC}") = "UsersSystem.ConsoleApp", "UsersSystem.ConsoleApp\UsersSystem.ConsoleApp.csproj", "{10F6D61C-0EE5-4A8F-95F8-5C524C1501AA}"
EndProject
Global
	GlobalSection(SolutionConfigurationPlatforms) = preSolution
		Debug|Any CPU = Debug|Any CPU
		Release|Any CPU = Release|Any CPU
	EndGlobalSection
	GlobalSection(ProjectConfigurationPlatforms) = postSolution
		{AE3C8401-DE4D-4CAE-A407-5D8D219AE3EA}.Debug|Any CPU.ActiveCfg = Debug|Any CPU
		{AE3C8401-DE4D-4CAE-A407-5D8D219AE3EA}.Debug|Any CPU.Build.0 = Debug|Any CPU
		{AE3C8401-DE4D-4CAE-A407-5D8D219AE3EA}.Release|Any CPU.ActiveCfg = Release|Any CPU
		{AE3C8401-DE4D-4CAE-A407-5D8D219AE3EA}.Release|Any CPU.Build.0 = Release|Any CPU
		{65F2DF97-0E7F-41E6-BC1B-B801B4C836C8}.Debug|Any CPU.ActiveCfg = Debug|Any CPU
		{65F2DF97-0E7F-41E6-BC1B-B801B4C836C8}.Debug|Any CPU.Build.0 = Debug|Any CPU
		{65F2DF97-0E7F-41E6-BC1B-B801B4C836C8}.Release|Any CPU.ActiveCfg = Release|Any CPU
		{65F2DF97-0E7F-41E6-BC1B-B801B4C836C8}.Release|Any CPU.Build.0 = Release|Any CPU
		{10F6D61C-0EE5-4A8F-95F8-5C524C1501AA}.Debug|Any CPU.ActiveCfg = Debug|Any CPU
		{10F6D61C-0EE5-4A8F-95F8-5C524C1501AA}.Debug|Any CPU.Build.0 = Debug|Any CPU
		{10F6D61C-0EE5-4A8F-95F8-5C524C1501AA}.Release|Any CPU.ActiveCfg = Release|Any CPU
		{10F6D61C-0EE5-4A8F-95F8-5C524C1501AA}.Release|Any CPU.Build.0 = Release|Any CPU
	EndGlobalSection
	GlobalSection(SolutionProperties) = preSolution
		HideSolutionNode = FALSE
	EndGlobalSection
EndGlobal
