
Microsoft Visual Studio Solution File, Format Version 12.00
# Visual Studio 14
VisualStudioVersion = 14.0.23107.0
MinimumVisualStudioVersion = 10.0.40219.1
Project("{FAE04EC0-301F-11D3-BF4B-00C04F79EFBC}") = "P01.SumAndAverage", "SumAndAverage\P01.SumAndAverage.csproj", "{42F12388-0907-4C84-B4E0-C8938E7B26E0}"
EndProject
Project("{FAE04EC0-301F-11D3-BF4B-00C04F79EFBC}") = "P02.SortWords", "02.SortWords\P02.SortWords.csproj", "{9FDB6AC6-BF90-4C65-A25C-64944FD423A1}"
EndProject
Project("{FAE04EC0-301F-11D3-BF4B-00C04F79EFBC}") = "P03.LongestSubsequence", "03.LongestSubsequence\P03.LongestSubsequence.csproj", "{82474BF8-0553-444C-9339-57419DADA57C}"
EndProject
Project("{FAE04EC0-301F-11D3-BF4B-00C04F79EFBC}") = "P08.DistanceInLabyrinth", "P08.DistanceInLabyrinth\P08.DistanceInLabyrinth.csproj", "{26986BE9-887C-4CB4-8416-3B21D5BE2001}"
EndProject
Project("{FAE04EC0-301F-11D3-BF4B-00C04F79EFBC}") = "P04.RemoveOddOccurences", "04.RemoveOddOccurences\P04.RemoveOddOccurences.csproj", "{7A8DA7AE-3235-484B-9297-65C90A2F98F6}"
EndProject
Project("{FAE04EC0-301F-11D3-BF4B-00C04F79EFBC}") = "P05.CountOfOccurances", "P05.CountOfOccurances\P05.CountOfOccurances.csproj", "{B781A40B-6224-435F-9F62-95E74B04231D}"
EndProject
Project("{FAE04EC0-301F-11D3-BF4B-00C04F79EFBC}") = "P06.ReversedList", "P06.ReversedList\P06.ReversedList.csproj", "{AAE47805-3327-4425-BC35-A5DC719B92B4}"
EndProject
Project("{FAE04EC0-301F-11D3-BF4B-00C04F79EFBC}") = "P06.ReversedList.Tests", "ReversedList.Tests\P06.ReversedList.Tests.csproj", "{D289A7EE-6B97-4498-AA7F-41B1F7E65A9D}"
EndProject
Project("{FAE04EC0-301F-11D3-BF4B-00C04F79EFBC}") = "P07.LinkedList", "P07.LinkedList\P07.LinkedList.csproj", "{E887823F-2737-42C1-A176-8EB632F11D69}"
EndProject
Project("{FAE04EC0-301F-11D3-BF4B-00C04F79EFBC}") = "P07.LinkedList.Tests", "P07.LinkedList.Tests\P07.LinkedList.Tests.csproj", "{C0C41538-A11A-489B-9DB0-509BC5F96B06}"
EndProject
Global
	GlobalSection(SolutionConfigurationPlatforms) = preSolution
		Debug|Any CPU = Debug|Any CPU
		Release|Any CPU = Release|Any CPU
	EndGlobalSection
	GlobalSection(ProjectConfigurationPlatforms) = postSolution
		{42F12388-0907-4C84-B4E0-C8938E7B26E0}.Debug|Any CPU.ActiveCfg = Debug|Any CPU
		{42F12388-0907-4C84-B4E0-C8938E7B26E0}.Debug|Any CPU.Build.0 = Debug|Any CPU
		{42F12388-0907-4C84-B4E0-C8938E7B26E0}.Release|Any CPU.ActiveCfg = Release|Any CPU
		{42F12388-0907-4C84-B4E0-C8938E7B26E0}.Release|Any CPU.Build.0 = Release|Any CPU
		{9FDB6AC6-BF90-4C65-A25C-64944FD423A1}.Debug|Any CPU.ActiveCfg = Debug|Any CPU
		{9FDB6AC6-BF90-4C65-A25C-64944FD423A1}.Debug|Any CPU.Build.0 = Debug|Any CPU
		{9FDB6AC6-BF90-4C65-A25C-64944FD423A1}.Release|Any CPU.ActiveCfg = Release|Any CPU
		{9FDB6AC6-BF90-4C65-A25C-64944FD423A1}.Release|Any CPU.Build.0 = Release|Any CPU
		{82474BF8-0553-444C-9339-57419DADA57C}.Debug|Any CPU.ActiveCfg = Debug|Any CPU
		{82474BF8-0553-444C-9339-57419DADA57C}.Debug|Any CPU.Build.0 = Debug|Any CPU
		{82474BF8-0553-444C-9339-57419DADA57C}.Release|Any CPU.ActiveCfg = Release|Any CPU
		{82474BF8-0553-444C-9339-57419DADA57C}.Release|Any CPU.Build.0 = Release|Any CPU
		{26986BE9-887C-4CB4-8416-3B21D5BE2001}.Debug|Any CPU.ActiveCfg = Debug|Any CPU
		{26986BE9-887C-4CB4-8416-3B21D5BE2001}.Debug|Any CPU.Build.0 = Debug|Any CPU
		{26986BE9-887C-4CB4-8416-3B21D5BE2001}.Release|Any CPU.ActiveCfg = Release|Any CPU
		{26986BE9-887C-4CB4-8416-3B21D5BE2001}.Release|Any CPU.Build.0 = Release|Any CPU
		{7A8DA7AE-3235-484B-9297-65C90A2F98F6}.Debug|Any CPU.ActiveCfg = Debug|Any CPU
		{7A8DA7AE-3235-484B-9297-65C90A2F98F6}.Debug|Any CPU.Build.0 = Debug|Any CPU
		{7A8DA7AE-3235-484B-9297-65C90A2F98F6}.Release|Any CPU.ActiveCfg = Release|Any CPU
		{7A8DA7AE-3235-484B-9297-65C90A2F98F6}.Release|Any CPU.Build.0 = Release|Any CPU
		{B781A40B-6224-435F-9F62-95E74B04231D}.Debug|Any CPU.ActiveCfg = Debug|Any CPU
		{B781A40B-6224-435F-9F62-95E74B04231D}.Debug|Any CPU.Build.0 = Debug|Any CPU
		{B781A40B-6224-435F-9F62-95E74B04231D}.Release|Any CPU.ActiveCfg = Release|Any CPU
		{B781A40B-6224-435F-9F62-95E74B04231D}.Release|Any CPU.Build.0 = Release|Any CPU
		{AAE47805-3327-4425-BC35-A5DC719B92B4}.Debug|Any CPU.ActiveCfg = Debug|Any CPU
		{AAE47805-3327-4425-BC35-A5DC719B92B4}.Debug|Any CPU.Build.0 = Debug|Any CPU
		{AAE47805-3327-4425-BC35-A5DC719B92B4}.Release|Any CPU.ActiveCfg = Release|Any CPU
		{AAE47805-3327-4425-BC35-A5DC719B92B4}.Release|Any CPU.Build.0 = Release|Any CPU
		{D289A7EE-6B97-4498-AA7F-41B1F7E65A9D}.Debug|Any CPU.ActiveCfg = Debug|Any CPU
		{D289A7EE-6B97-4498-AA7F-41B1F7E65A9D}.Debug|Any CPU.Build.0 = Debug|Any CPU
		{D289A7EE-6B97-4498-AA7F-41B1F7E65A9D}.Release|Any CPU.ActiveCfg = Release|Any CPU
		{D289A7EE-6B97-4498-AA7F-41B1F7E65A9D}.Release|Any CPU.Build.0 = Release|Any CPU
		{E887823F-2737-42C1-A176-8EB632F11D69}.Debug|Any CPU.ActiveCfg = Debug|Any CPU
		{E887823F-2737-42C1-A176-8EB632F11D69}.Debug|Any CPU.Build.0 = Debug|Any CPU
		{E887823F-2737-42C1-A176-8EB632F11D69}.Release|Any CPU.ActiveCfg = Release|Any CPU
		{E887823F-2737-42C1-A176-8EB632F11D69}.Release|Any CPU.Build.0 = Release|Any CPU
		{C0C41538-A11A-489B-9DB0-509BC5F96B06}.Debug|Any CPU.ActiveCfg = Debug|Any CPU
		{C0C41538-A11A-489B-9DB0-509BC5F96B06}.Debug|Any CPU.Build.0 = Debug|Any CPU
		{C0C41538-A11A-489B-9DB0-509BC5F96B06}.Release|Any CPU.ActiveCfg = Release|Any CPU
		{C0C41538-A11A-489B-9DB0-509BC5F96B06}.Release|Any CPU.Build.0 = Release|Any CPU
	EndGlobalSection
	GlobalSection(SolutionProperties) = preSolution
		HideSolutionNode = FALSE
	EndGlobalSection
EndGlobal
