
Microsoft Visual Studio Solution File, Format Version 12.00
# Visual Studio 14
VisualStudioVersion = 14.0.23107.0
MinimumVisualStudioVersion = 10.0.40219.1
Project("{FAE04EC0-301F-11D3-BF4B-00C04F79EFBC}") = "P01.StudentsAndCourses", "P01.StudentsAndCourses\P01.StudentsAndCourses.csproj", "{648E0C17-677F-43F3-ADB8-D86121E23E31}"
EndProject
Project("{FAE04EC0-301F-11D3-BF4B-00C04F79EFBC}") = "P02.BiDictionary", "P02.BiDictionary\P02.BiDictionary.csproj", "{11B27DC9-6E1D-4F73-935C-926F09546516}"
EndProject
Project("{FAE04EC0-301F-11D3-BF4B-00C04F79EFBC}") = "P03.CollectionOfProducts", "P03.CollectionOfProducts\P03.CollectionOfProducts.csproj", "{5495D335-05AE-4B61-9A11-24B471B15D7E}"
EndProject
Project("{FAE04EC0-301F-11D3-BF4B-00C04F79EFBC}") = "P03.CollectionOfProducts.Tests", "P03.CollectionOfProducts.Tests\P03.CollectionOfProducts.Tests.csproj", "{073767B1-8162-40E8-9E67-AE1AB07DF634}"
EndProject
Global
	GlobalSection(SolutionConfigurationPlatforms) = preSolution
		Debug|Any CPU = Debug|Any CPU
		Release|Any CPU = Release|Any CPU
	EndGlobalSection
	GlobalSection(ProjectConfigurationPlatforms) = postSolution
		{648E0C17-677F-43F3-ADB8-D86121E23E31}.Debug|Any CPU.ActiveCfg = Debug|Any CPU
		{648E0C17-677F-43F3-ADB8-D86121E23E31}.Debug|Any CPU.Build.0 = Debug|Any CPU
		{648E0C17-677F-43F3-ADB8-D86121E23E31}.Release|Any CPU.ActiveCfg = Release|Any CPU
		{648E0C17-677F-43F3-ADB8-D86121E23E31}.Release|Any CPU.Build.0 = Release|Any CPU
		{11B27DC9-6E1D-4F73-935C-926F09546516}.Debug|Any CPU.ActiveCfg = Debug|Any CPU
		{11B27DC9-6E1D-4F73-935C-926F09546516}.Debug|Any CPU.Build.0 = Debug|Any CPU
		{11B27DC9-6E1D-4F73-935C-926F09546516}.Release|Any CPU.ActiveCfg = Release|Any CPU
		{11B27DC9-6E1D-4F73-935C-926F09546516}.Release|Any CPU.Build.0 = Release|Any CPU
		{5495D335-05AE-4B61-9A11-24B471B15D7E}.Debug|Any CPU.ActiveCfg = Debug|Any CPU
		{5495D335-05AE-4B61-9A11-24B471B15D7E}.Debug|Any CPU.Build.0 = Debug|Any CPU
		{5495D335-05AE-4B61-9A11-24B471B15D7E}.Release|Any CPU.ActiveCfg = Release|Any CPU
		{5495D335-05AE-4B61-9A11-24B471B15D7E}.Release|Any CPU.Build.0 = Release|Any CPU
		{073767B1-8162-40E8-9E67-AE1AB07DF634}.Debug|Any CPU.ActiveCfg = Debug|Any CPU
		{073767B1-8162-40E8-9E67-AE1AB07DF634}.Debug|Any CPU.Build.0 = Debug|Any CPU
		{073767B1-8162-40E8-9E67-AE1AB07DF634}.Release|Any CPU.ActiveCfg = Release|Any CPU
		{073767B1-8162-40E8-9E67-AE1AB07DF634}.Release|Any CPU.Build.0 = Release|Any CPU
	EndGlobalSection
	GlobalSection(SolutionProperties) = preSolution
		HideSolutionNode = FALSE
	EndGlobalSection
EndGlobal
