
Microsoft Visual Studio Solution File, Format Version 12.00
# Visual Studio 14
VisualStudioVersion = 14.0.23107.0
MinimumVisualStudioVersion = 10.0.40219.1
Project("{FAE04EC0-301F-11D3-BF4B-00C04F79EFBC}") = "P01.Dictionary", "P01.Dictionary\P01.Dictionary.csproj", "{D1013E3F-0AD9-40A9-83C0-48E22DC26369}"
EndProject
Project("{FAE04EC0-301F-11D3-BF4B-00C04F79EFBC}") = "P01.Dictionary.Tests", "P01.Dictionary.Tests\P01.Dictionary.Tests.csproj", "{D7CF7874-C76C-45C2-AC60-69865423D8C8}"
EndProject
Project("{FAE04EC0-301F-11D3-BF4B-00C04F79EFBC}") = "P02.CountSymbols", "P02.CountSymbols\P02.CountSymbols.csproj", "{B844334A-5BD8-4F72-A741-7E163CCC4F57}"
EndProject
Project("{FAE04EC0-301F-11D3-BF4B-00C04F79EFBC}") = "P03.Phonebook", "P03.Phonebook\P03.Phonebook.csproj", "{308A0910-F49F-46B0-B16A-4E51641D2B88}"
EndProject
Project("{FAE04EC0-301F-11D3-BF4B-00C04F79EFBC}") = "P04.OrderedSet", "P04.OrderedSet\P04.OrderedSet.csproj", "{CC8A3AFA-154A-4FE8-A94A-1F9FA46C14AA}"
EndProject
Project("{FAE04EC0-301F-11D3-BF4B-00C04F79EFBC}") = "P04.OrderedSet.Tests", "P04.OrderedSet.Tests\P04.OrderedSet.Tests.csproj", "{234E5177-03B5-4B6F-95DE-08B6E345CD3A}"
EndProject
Project("{FAE04EC0-301F-11D3-BF4B-00C04F79EFBC}") = "P05.OrderedSet(AVLTree)", "P05.OrderedSet(AVLTree)\P05.OrderedSet(AVLTree).csproj", "{7C577356-6190-47A7-A1DA-242EE1CDE975}"
EndProject
Project("{FAE04EC0-301F-11D3-BF4B-00C04F79EFBC}") = "P05.OrderedSets(AVLTree).Tests", "P05.OrderedSets(AVLTree).Tests\P05.OrderedSets(AVLTree).Tests.csproj", "{9A805BEE-3239-420B-8F2A-DC28C4AAB6CD}"
EndProject
Global
	GlobalSection(SolutionConfigurationPlatforms) = preSolution
		Debug|Any CPU = Debug|Any CPU
		Release|Any CPU = Release|Any CPU
	EndGlobalSection
	GlobalSection(ProjectConfigurationPlatforms) = postSolution
		{D1013E3F-0AD9-40A9-83C0-48E22DC26369}.Debug|Any CPU.ActiveCfg = Debug|Any CPU
		{D1013E3F-0AD9-40A9-83C0-48E22DC26369}.Debug|Any CPU.Build.0 = Debug|Any CPU
		{D1013E3F-0AD9-40A9-83C0-48E22DC26369}.Release|Any CPU.ActiveCfg = Release|Any CPU
		{D1013E3F-0AD9-40A9-83C0-48E22DC26369}.Release|Any CPU.Build.0 = Release|Any CPU
		{D7CF7874-C76C-45C2-AC60-69865423D8C8}.Debug|Any CPU.ActiveCfg = Debug|Any CPU
		{D7CF7874-C76C-45C2-AC60-69865423D8C8}.Debug|Any CPU.Build.0 = Debug|Any CPU
		{D7CF7874-C76C-45C2-AC60-69865423D8C8}.Release|Any CPU.ActiveCfg = Release|Any CPU
		{D7CF7874-C76C-45C2-AC60-69865423D8C8}.Release|Any CPU.Build.0 = Release|Any CPU
		{B844334A-5BD8-4F72-A741-7E163CCC4F57}.Debug|Any CPU.ActiveCfg = Debug|Any CPU
		{B844334A-5BD8-4F72-A741-7E163CCC4F57}.Debug|Any CPU.Build.0 = Debug|Any CPU
		{B844334A-5BD8-4F72-A741-7E163CCC4F57}.Release|Any CPU.ActiveCfg = Release|Any CPU
		{B844334A-5BD8-4F72-A741-7E163CCC4F57}.Release|Any CPU.Build.0 = Release|Any CPU
		{308A0910-F49F-46B0-B16A-4E51641D2B88}.Debug|Any CPU.ActiveCfg = Debug|Any CPU
		{308A0910-F49F-46B0-B16A-4E51641D2B88}.Debug|Any CPU.Build.0 = Debug|Any CPU
		{308A0910-F49F-46B0-B16A-4E51641D2B88}.Release|Any CPU.ActiveCfg = Release|Any CPU
		{308A0910-F49F-46B0-B16A-4E51641D2B88}.Release|Any CPU.Build.0 = Release|Any CPU
		{CC8A3AFA-154A-4FE8-A94A-1F9FA46C14AA}.Debug|Any CPU.ActiveCfg = Debug|Any CPU
		{CC8A3AFA-154A-4FE8-A94A-1F9FA46C14AA}.Debug|Any CPU.Build.0 = Debug|Any CPU
		{CC8A3AFA-154A-4FE8-A94A-1F9FA46C14AA}.Release|Any CPU.ActiveCfg = Release|Any CPU
		{CC8A3AFA-154A-4FE8-A94A-1F9FA46C14AA}.Release|Any CPU.Build.0 = Release|Any CPU
		{234E5177-03B5-4B6F-95DE-08B6E345CD3A}.Debug|Any CPU.ActiveCfg = Debug|Any CPU
		{234E5177-03B5-4B6F-95DE-08B6E345CD3A}.Debug|Any CPU.Build.0 = Debug|Any CPU
		{234E5177-03B5-4B6F-95DE-08B6E345CD3A}.Release|Any CPU.ActiveCfg = Release|Any CPU
		{234E5177-03B5-4B6F-95DE-08B6E345CD3A}.Release|Any CPU.Build.0 = Release|Any CPU
		{7C577356-6190-47A7-A1DA-242EE1CDE975}.Debug|Any CPU.ActiveCfg = Debug|Any CPU
		{7C577356-6190-47A7-A1DA-242EE1CDE975}.Debug|Any CPU.Build.0 = Debug|Any CPU
		{7C577356-6190-47A7-A1DA-242EE1CDE975}.Release|Any CPU.ActiveCfg = Release|Any CPU
		{7C577356-6190-47A7-A1DA-242EE1CDE975}.Release|Any CPU.Build.0 = Release|Any CPU
		{9A805BEE-3239-420B-8F2A-DC28C4AAB6CD}.Debug|Any CPU.ActiveCfg = Debug|Any CPU
		{9A805BEE-3239-420B-8F2A-DC28C4AAB6CD}.Debug|Any CPU.Build.0 = Debug|Any CPU
		{9A805BEE-3239-420B-8F2A-DC28C4AAB6CD}.Release|Any CPU.ActiveCfg = Release|Any CPU
		{9A805BEE-3239-420B-8F2A-DC28C4AAB6CD}.Release|Any CPU.Build.0 = Release|Any CPU
	EndGlobalSection
	GlobalSection(SolutionProperties) = preSolution
		HideSolutionNode = FALSE
	EndGlobalSection
EndGlobal
