
Microsoft Visual Studio Solution File, Format Version 12.00
# Visual Studio 14
VisualStudioVersion = 14.0.23107.0
MinimumVisualStudioVersion = 10.0.40219.1
Project("{FAE04EC0-301F-11D3-BF4B-00C04F79EFBC}") = "P01.QuadTree", "P01.QuadTree\P01.QuadTree.csproj", "{E87854DB-3B5E-4EC3-82F4-B00358FBFE67}"
EndProject
Project("{FAE04EC0-301F-11D3-BF4B-00C04F79EFBC}") = "P01.QuadTree.Tests", "P01.QuadTree.Tests\P01.QuadTree.Tests.csproj", "{389B5C8C-DC33-4AAC-82D3-3D609B9E54FA}"
EndProject
Project("{FAE04EC0-301F-11D3-BF4B-00C04F79EFBC}") = "P02.SweepAndPrune", "P02.SweepAndPrune\P02.SweepAndPrune.csproj", "{823FC67D-39DD-404F-BE6F-67CE067CD682}"
EndProject
Global
	GlobalSection(SolutionConfigurationPlatforms) = preSolution
		Debug|Any CPU = Debug|Any CPU
		Release|Any CPU = Release|Any CPU
	EndGlobalSection
	GlobalSection(ProjectConfigurationPlatforms) = postSolution
		{E87854DB-3B5E-4EC3-82F4-B00358FBFE67}.Debug|Any CPU.ActiveCfg = Debug|Any CPU
		{E87854DB-3B5E-4EC3-82F4-B00358FBFE67}.Debug|Any CPU.Build.0 = Debug|Any CPU
		{E87854DB-3B5E-4EC3-82F4-B00358FBFE67}.Release|Any CPU.ActiveCfg = Release|Any CPU
		{E87854DB-3B5E-4EC3-82F4-B00358FBFE67}.Release|Any CPU.Build.0 = Release|Any CPU
		{389B5C8C-DC33-4AAC-82D3-3D609B9E54FA}.Debug|Any CPU.ActiveCfg = Debug|Any CPU
		{389B5C8C-DC33-4AAC-82D3-3D609B9E54FA}.Debug|Any CPU.Build.0 = Debug|Any CPU
		{389B5C8C-DC33-4AAC-82D3-3D609B9E54FA}.Release|Any CPU.ActiveCfg = Release|Any CPU
		{389B5C8C-DC33-4AAC-82D3-3D609B9E54FA}.Release|Any CPU.Build.0 = Release|Any CPU
		{823FC67D-39DD-404F-BE6F-67CE067CD682}.Debug|Any CPU.ActiveCfg = Debug|Any CPU
		{823FC67D-39DD-404F-BE6F-67CE067CD682}.Debug|Any CPU.Build.0 = Debug|Any CPU
		{823FC67D-39DD-404F-BE6F-67CE067CD682}.Release|Any CPU.ActiveCfg = Release|Any CPU
		{823FC67D-39DD-404F-BE6F-67CE067CD682}.Release|Any CPU.Build.0 = Release|Any CPU
	EndGlobalSection
	GlobalSection(SolutionProperties) = preSolution
		HideSolutionNode = FALSE
	EndGlobalSection
EndGlobal
